<?xml version="1.0" encoding="utf-8"?>
<Project xmlns="http://schemas.microsoft.com/developer/msbuild/2003">
  <ItemGroup>
    <Filter Include="Source Files">
      <UniqueIdentifier>{4077AAAA-ABF3-EFA1-D125-C9F7234477DA}</UniqueIdentifier>
    </Filter>
    <Filter Include="Header Files">
      <UniqueIdentifier>{B1338496-AEA7-AB72-0698-3D668634ABA5}</UniqueIdentifier>
    </Filter>
    <Filter Include="Special Files">
      <UniqueIdentifier>{50CB7F23-649B-FA62-A17F-483C155FE94B}</UniqueIdentifier>
    </Filter>
  </ItemGroup>
  <ItemGroup>
    <None Include="changelog.txt" />
    <None Include="README.md" />
    <None Include="premake4.lua">
      <Filter>Special Files</Filter>
    </None>
    <None Include="project.early.props">
      <Filter>Special Files</Filter>
    </None>
    <None Include="project.late.props">
      <Filter>Special Files</Filter>
    </None>
    <None Include="Directory.Build.targets">
      <Filter>Special Files</Filter>
    </None>
    <None Include=".editorconfig" />
    <None Include=".clang-format" />
    <None Include=".gitignore" />
    <None Include=".hgignore" />
  </ItemGroup>
  <ItemGroup>
    <ClInclude Include="src\cmdline.h">
      <Filter>Header Files</Filter>
    </ClInclude>
    <ClInclude Include="src\coff.h">
      <Filter>Header Files</Filter>
    </ClInclude>
    <ClInclude Include="src\containers.h">
      <Filter>Header Files</Filter>
    </ClInclude>
    <ClInclude Include="src\converters.h">
      <Filter>Header Files</Filter>
    </ClInclude>
    <ClInclude Include="src\disasm.h">
      <Filter>Header Files</Filter>
    </ClInclude>
    <ClInclude Include="src\elf.h">
      <Filter>Header Files</Filter>
    </ClInclude>
    <ClInclude Include="src\error.h">
      <Filter>Header Files</Filter>
    </ClInclude>
    <ClInclude Include="src\library.h">
      <Filter>Header Files</Filter>
    </ClInclude>
    <ClInclude Include="src\macho.h">
      <Filter>Header Files</Filter>
    </ClInclude>
    <ClInclude Include="src\maindef.h">
      <Filter>Header Files</Filter>
    </ClInclude>
    <ClInclude Include="src\omf.h">
      <Filter>Header Files</Filter>
    </ClInclude>
    <ClInclude Include="src\stdafx.h">
      <Filter>Header Files</Filter>
    </ClInclude>
  </ItemGroup>
  <ItemGroup>
    <ClCompile Include="src\cmdline.cpp">
      <Filter>Source Files</Filter>
    </ClCompile>
    <ClCompile Include="src\cof2asm.cpp">
      <Filter>Source Files</Filter>
    </ClCompile>
    <ClCompile Include="src\cof2cof.cpp">
      <Filter>Source Files</Filter>
    </ClCompile>
    <ClCompile Include="src\cof2elf.cpp">
      <Filter>Source Files</Filter>
    </ClCompile>
    <ClCompile Include="src\cof2omf.cpp">
      <Filter>Source Files</Filter>
    </ClCompile>
    <ClCompile Include="src\coff.cpp">
      <Filter>Source Files</Filter>
    </ClCompile>
    <ClCompile Include="src\containers.cpp">
      <Filter>Source Files</Filter>
    </ClCompile>
    <ClCompile Include="src\disasm1.cpp">
      <Filter>Source Files</Filter>
    </ClCompile>
    <ClCompile Include="src\disasm2.cpp">
      <Filter>Source Files</Filter>
    </ClCompile>
    <ClCompile Include="src\elf.cpp">
      <Filter>Source Files</Filter>
    </ClCompile>
    <ClCompile Include="src\elf2asm.cpp">
      <Filter>Source Files</Filter>
    </ClCompile>
    <ClCompile Include="src\elf2cof.cpp">
      <Filter>Source Files</Filter>
    </ClCompile>
    <ClCompile Include="src\elf2elf.cpp">
      <Filter>Source Files</Filter>
    </ClCompile>
    <ClCompile Include="src\elf2mac.cpp">
      <Filter>Source Files</Filter>
    </ClCompile>
    <ClCompile Include="src\error.cpp">
      <Filter>Source Files</Filter>
    </ClCompile>
    <ClCompile Include="src\library.cpp">
      <Filter>Source Files</Filter>
    </ClCompile>
    <ClCompile Include="src\mac2asm.cpp">
      <Filter>Source Files</Filter>
    </ClCompile>
    <ClCompile Include="src\mac2elf.cpp">
      <Filter>Source Files</Filter>
    </ClCompile>
    <ClCompile Include="src\mac2mac.cpp">
      <Filter>Source Files</Filter>
    </ClCompile>
    <ClCompile Include="src\macho.cpp">
      <Filter>Source Files</Filter>
    </ClCompile>
    <ClCompile Include="src\main.cpp">
      <Filter>Source Files</Filter>
    </ClCompile>
    <ClCompile Include="src\omf.cpp">
      <Filter>Source Files</Filter>
    </ClCompile>
    <ClCompile Include="src\omf2asm.cpp">
      <Filter>Source Files</Filter>
    </ClCompile>
    <ClCompile Include="src\omf2cof.cpp">
      <Filter>Source Files</Filter>
    </ClCompile>
    <ClCompile Include="src\omfhash.cpp">
      <Filter>Source Files</Filter>
    </ClCompile>
    <ClCompile Include="src\opcodes.cpp">
      <Filter>Source Files</Filter>
    </ClCompile>
  </ItemGroup>
</Project>
